
Microsoft Visual Studio Solution File, Format Version 11.00
# Visual Studio 2012
Project("{2150E333-8FDC-42A3-9474-1A3956D46DE8}") = "Client", "Client", "{3DB74353-15A2-42CC-866C-F40C07889D6D}"
EndProject
Project("{2150E333-8FDC-42A3-9474-1A3956D46DE8}") = "Solution Items", "Solution Items", "{8B74A051-A4C3-42E7-AC66-45437554C089}"
	ProjectSection(SolutionItems) = preProject
		GlobalAssemblyInfo.cs = GlobalAssemblyInfo.cs
	EndProjectSection
EndProject
Project("{FAE04EC0-301F-11D3-BF4B-00C04F79EFBC}") = "Server", "Server\Server.csproj", "{1B10D247-BF48-4ECC-88A5-8D84C91B2246}"
EndProject
Project("{FAE04EC0-301F-11D3-BF4B-00C04F79EFBC}") = "SampleServer", "SampleServer\SampleServer.csproj", "{39BDCA4A-1B6E-474F-BC50-83103320FA19}"
EndProject
Project("{FAE04EC0-301F-11D3-BF4B-00C04F79EFBC}") = "AgentClient.WPF", "Client\AgentClient.WPF\AgentClient.WPF.csproj", "{5FF240A5-2C62-4322-A0E1-335A04148603}"
EndProject
Project("{FAE04EC0-301F-11D3-BF4B-00C04F79EFBC}") = "AgentClient.SL5", "Client\AgentClient.SL5\AgentClient.SL5.csproj", "{BF5E608C-6216-41C3-86AA-E6380B0A8888}"
EndProject
Project("{FAE04EC0-301F-11D3-BF4B-00C04F79EFBC}") = "Web", "Client\Web\Web.csproj", "{56E15138-332D-4A67-A6C4-B7C6402AC52A}"
EndProject
Global
	GlobalSection(SolutionConfigurationPlatforms) = preSolution
		Debug|Any CPU = Debug|Any CPU
		Debug|Mixed Platforms = Debug|Mixed Platforms
		Debug|x86 = Debug|x86
		Release|Any CPU = Release|Any CPU
		Release|Mixed Platforms = Release|Mixed Platforms
		Release|x86 = Release|x86
	EndGlobalSection
	GlobalSection(ProjectConfigurationPlatforms) = postSolution
		{1B10D247-BF48-4ECC-88A5-8D84C91B2246}.Debug|Any CPU.ActiveCfg = Debug|Any CPU
		{1B10D247-BF48-4ECC-88A5-8D84C91B2246}.Debug|Any CPU.Build.0 = Debug|Any CPU
		{1B10D247-BF48-4ECC-88A5-8D84C91B2246}.Debug|Mixed Platforms.ActiveCfg = Debug|Any CPU
		{1B10D247-BF48-4ECC-88A5-8D84C91B2246}.Debug|Mixed Platforms.Build.0 = Debug|Any CPU
		{1B10D247-BF48-4ECC-88A5-8D84C91B2246}.Debug|x86.ActiveCfg = Debug|Any CPU
		{1B10D247-BF48-4ECC-88A5-8D84C91B2246}.Release|Any CPU.ActiveCfg = Release|Any CPU
		{1B10D247-BF48-4ECC-88A5-8D84C91B2246}.Release|Any CPU.Build.0 = Release|Any CPU
		{1B10D247-BF48-4ECC-88A5-8D84C91B2246}.Release|Mixed Platforms.ActiveCfg = Release|Any CPU
		{1B10D247-BF48-4ECC-88A5-8D84C91B2246}.Release|Mixed Platforms.Build.0 = Release|Any CPU
		{1B10D247-BF48-4ECC-88A5-8D84C91B2246}.Release|x86.ActiveCfg = Release|Any CPU
		{39BDCA4A-1B6E-474F-BC50-83103320FA19}.Debug|Any CPU.ActiveCfg = Debug|Any CPU
		{39BDCA4A-1B6E-474F-BC50-83103320FA19}.Debug|Any CPU.Build.0 = Debug|Any CPU
		{39BDCA4A-1B6E-474F-BC50-83103320FA19}.Debug|Mixed Platforms.ActiveCfg = Debug|Any CPU
		{39BDCA4A-1B6E-474F-BC50-83103320FA19}.Debug|Mixed Platforms.Build.0 = Debug|Any CPU
		{39BDCA4A-1B6E-474F-BC50-83103320FA19}.Debug|x86.ActiveCfg = Debug|Any CPU
		{39BDCA4A-1B6E-474F-BC50-83103320FA19}.Release|Any CPU.ActiveCfg = Release|Any CPU
		{39BDCA4A-1B6E-474F-BC50-83103320FA19}.Release|Any CPU.Build.0 = Release|Any CPU
		{39BDCA4A-1B6E-474F-BC50-83103320FA19}.Release|Mixed Platforms.ActiveCfg = Release|Any CPU
		{39BDCA4A-1B6E-474F-BC50-83103320FA19}.Release|Mixed Platforms.Build.0 = Release|Any CPU
		{39BDCA4A-1B6E-474F-BC50-83103320FA19}.Release|x86.ActiveCfg = Release|Any CPU
		{5FF240A5-2C62-4322-A0E1-335A04148603}.Debug|Any CPU.ActiveCfg = Debug|x86
		{5FF240A5-2C62-4322-A0E1-335A04148603}.Debug|Mixed Platforms.ActiveCfg = Debug|x86
		{5FF240A5-2C62-4322-A0E1-335A04148603}.Debug|Mixed Platforms.Build.0 = Debug|x86
		{5FF240A5-2C62-4322-A0E1-335A04148603}.Debug|x86.ActiveCfg = Debug|x86
		{5FF240A5-2C62-4322-A0E1-335A04148603}.Debug|x86.Build.0 = Debug|x86
		{5FF240A5-2C62-4322-A0E1-335A04148603}.Release|Any CPU.ActiveCfg = Release|x86
		{5FF240A5-2C62-4322-A0E1-335A04148603}.Release|Mixed Platforms.ActiveCfg = Release|x86
		{5FF240A5-2C62-4322-A0E1-335A04148603}.Release|Mixed Platforms.Build.0 = Release|x86
		{5FF240A5-2C62-4322-A0E1-335A04148603}.Release|x86.ActiveCfg = Release|x86
		{5FF240A5-2C62-4322-A0E1-335A04148603}.Release|x86.Build.0 = Release|x86
		{BF5E608C-6216-41C3-86AA-E6380B0A8888}.Debug|Any CPU.ActiveCfg = Debug|Any CPU
		{BF5E608C-6216-41C3-86AA-E6380B0A8888}.Debug|Any CPU.Build.0 = Debug|Any CPU
		{BF5E608C-6216-41C3-86AA-E6380B0A8888}.Debug|Mixed Platforms.ActiveCfg = Debug|Any CPU
		{BF5E608C-6216-41C3-86AA-E6380B0A8888}.Debug|Mixed Platforms.Build.0 = Debug|Any CPU
		{BF5E608C-6216-41C3-86AA-E6380B0A8888}.Debug|x86.ActiveCfg = Debug|Any CPU
		{BF5E608C-6216-41C3-86AA-E6380B0A8888}.Release|Any CPU.ActiveCfg = Release|Any CPU
		{BF5E608C-6216-41C3-86AA-E6380B0A8888}.Release|Any CPU.Build.0 = Release|Any CPU
		{BF5E608C-6216-41C3-86AA-E6380B0A8888}.Release|Mixed Platforms.ActiveCfg = Release|Any CPU
		{BF5E608C-6216-41C3-86AA-E6380B0A8888}.Release|Mixed Platforms.Build.0 = Release|Any CPU
		{BF5E608C-6216-41C3-86AA-E6380B0A8888}.Release|x86.ActiveCfg = Release|Any CPU
		{56E15138-332D-4A67-A6C4-B7C6402AC52A}.Debug|Any CPU.ActiveCfg = Debug|Any CPU
		{56E15138-332D-4A67-A6C4-B7C6402AC52A}.Debug|Any CPU.Build.0 = Debug|Any CPU
		{56E15138-332D-4A67-A6C4-B7C6402AC52A}.Debug|Mixed Platforms.ActiveCfg = Debug|Any CPU
		{56E15138-332D-4A67-A6C4-B7C6402AC52A}.Debug|Mixed Platforms.Build.0 = Debug|Any CPU
		{56E15138-332D-4A67-A6C4-B7C6402AC52A}.Debug|x86.ActiveCfg = Debug|Any CPU
		{56E15138-332D-4A67-A6C4-B7C6402AC52A}.Release|Any CPU.ActiveCfg = Release|Any CPU
		{56E15138-332D-4A67-A6C4-B7C6402AC52A}.Release|Any CPU.Build.0 = Release|Any CPU
		{56E15138-332D-4A67-A6C4-B7C6402AC52A}.Release|Mixed Platforms.ActiveCfg = Release|Any CPU
		{56E15138-332D-4A67-A6C4-B7C6402AC52A}.Release|Mixed Platforms.Build.0 = Release|Any CPU
		{56E15138-332D-4A67-A6C4-B7C6402AC52A}.Release|x86.ActiveCfg = Release|Any CPU
	EndGlobalSection
	GlobalSection(SolutionProperties) = preSolution
		HideSolutionNode = FALSE
	EndGlobalSection
	GlobalSection(NestedProjects) = preSolution
		{5FF240A5-2C62-4322-A0E1-335A04148603} = {3DB74353-15A2-42CC-866C-F40C07889D6D}
		{BF5E608C-6216-41C3-86AA-E6380B0A8888} = {3DB74353-15A2-42CC-866C-F40C07889D6D}
		{56E15138-332D-4A67-A6C4-B7C6402AC52A} = {3DB74353-15A2-42CC-866C-F40C07889D6D}
	EndGlobalSection
EndGlobal
